
Microsoft Visual Studio Solution File, Format Version 12.00
# Visual Studio Version 16
VisualStudioVersion = 16.0.29009.5
MinimumVisualStudioVersion = 10.0.40219.1
Project("{9A19103F-16F7-4668-BE54-9A1E7A4F7556}") = "Wavenet.Umbraco7.SlotCopy", "Wavenet.Umbraco7.SlotCopy.csproj", "{D6F3CD1A-3926-46D1-ACBB-948F6E8B1121}"
EndProject
Global
	GlobalSection(SolutionConfigurationPlatforms) = preSolution
		Debug|Any CPU = Debug|Any CPU
		Release|Any CPU = Release|Any CPU
	EndGlobalSection
	GlobalSection(ProjectConfigurationPlatforms) = postSolution
		{D6F3CD1A-3926-46D1-ACBB-948F6E8B1121}.Debug|Any CPU.ActiveCfg = Debug|Any CPU
		{D6F3CD1A-3926-46D1-ACBB-948F6E8B1121}.Debug|Any CPU.Build.0 = Debug|Any CPU
		{D6F3CD1A-3926-46D1-ACBB-948F6E8B1121}.Release|Any CPU.ActiveCfg = Release|Any CPU
		{D6F3CD1A-3926-46D1-ACBB-948F6E8B1121}.Release|Any CPU.Build.0 = Release|Any CPU
	EndGlobalSection
	GlobalSection(SolutionProperties) = preSolution
		HideSolutionNode = FALSE
	EndGlobalSection
	GlobalSection(ExtensibilityGlobals) = postSolution
		SolutionGuid = {43E32725-A8DF-4AC6-88F2-58AB37382C26}
	EndGlobalSection
EndGlobal
